
Microsoft Visual Studio Solution File, Format Version 12.00
# Visual Studio Version 17
VisualStudioVersion = 17.13.35931.197 d17.13
MinimumVisualStudioVersion = 10.0.40219.1
Project("{FAE04EC0-301F-11D3-BF4B-00C04F79EFBC}") = "TP7_GRUPO_4", "TP7_GRUPO_4.csproj", "{657F3321-B8F8-4BC5-B059-3C0F1AD8AD74}"
EndProject
Global
	GlobalSection(SolutionConfigurationPlatforms) = preSolution
		Debug|Any CPU = Debug|Any CPU
		Release|Any CPU = Release|Any CPU
	EndGlobalSection
	GlobalSection(ProjectConfigurationPlatforms) = postSolution
		{657F3321-B8F8-4BC5-B059-3C0F1AD8AD74}.Debug|Any CPU.ActiveCfg = Debug|Any CPU
		{657F3321-B8F8-4BC5-B059-3C0F1AD8AD74}.Debug|Any CPU.Build.0 = Debug|Any CPU
		{657F3321-B8F8-4BC5-B059-3C0F1AD8AD74}.Release|Any CPU.ActiveCfg = Release|Any CPU
		{657F3321-B8F8-4BC5-B059-3C0F1AD8AD74}.Release|Any CPU.Build.0 = Release|Any CPU
	EndGlobalSection
	GlobalSection(SolutionProperties) = preSolution
		HideSolutionNode = FALSE
	EndGlobalSection
	GlobalSection(ExtensibilityGlobals) = postSolution
		SolutionGuid = {E0D17490-15FD-4386-975E-0DFDF804E757}
	EndGlobalSection
EndGlobal
